// !$*UTF8*$!
{
	archiveVersion = 1;
	classes = {
	};
	objectVersion = 55;
	objects = {

/* Begin PBXBuildFile section */
		D0686DEB27947B25000082FB /* DancingScript-VariableFont_wght.ttf in Resources */ = {isa = PBXBuildFile; fileRef = D0686DEA279479E7000082FB /* DancingScript-VariableFont_wght.ttf */; };
		D07ABB4627933156000564E2 /* HotelCardCell.swift in Sources */ = {isa = PBXBuildFile; fileRef = D07ABB4527933156000564E2 /* HotelCardCell.swift */; };
		D07ABB49279373DF000564E2 /* HotelCardCellDataModel.swift in Sources */ = {isa = PBXBuildFile; fileRef = D07ABB48279373DF000564E2 /* HotelCardCellDataModel.swift */; };
		D08EBACC2790A4E80050D1C7 /* MrRoomServiceApp.swift in Sources */ = {isa = PBXBuildFile; fileRef = D08EBACB2790A4E80050D1C7 /* MrRoomServiceApp.swift */; };
		D08EBAD02790A4E90050D1C7 /* Assets.xcassets in Resources */ = {isa = PBXBuildFile; fileRef = D08EBACF2790A4E90050D1C7 /* Assets.xcassets */; };
		D08EBAD32790A4E90050D1C7 /* Preview Assets.xcassets in Resources */ = {isa = PBXBuildFile; fileRef = D08EBAD22790A4E90050D1C7 /* Preview Assets.xcassets */; };
		D08EBADD2790A4E90050D1C7 /* MrRoomServiceTests.swift in Sources */ = {isa = PBXBuildFile; fileRef = D08EBADC2790A4E90050D1C7 /* MrRoomServiceTests.swift */; };
		D08EBAE72790A4E90050D1C7 /* MrRoomServiceUITests.swift in Sources */ = {isa = PBXBuildFile; fileRef = D08EBAE62790A4E90050D1C7 /* MrRoomServiceUITests.swift */; };
		D08EBAE92790A4E90050D1C7 /* MrRoomServiceUITestsLaunchTests.swift in Sources */ = {isa = PBXBuildFile; fileRef = D08EBAE82790A4E90050D1C7 /* MrRoomServiceUITestsLaunchTests.swift */; };
		D08EBAF62790C3120050D1C7 /* WelcomeView.swift in Sources */ = {isa = PBXBuildFile; fileRef = D08EBAF52790C3120050D1C7 /* WelcomeView.swift */; };
/* End PBXBuildFile section */

/* Begin PBXContainerItemProxy section */
		D08EBAD92790A4E90050D1C7 /* PBXContainerItemProxy */ = {
			isa = PBXContainerItemProxy;
			containerPortal = D08EBAC02790A4E80050D1C7 /* Project object */;
			proxyType = 1;
			remoteGlobalIDString = D08EBAC72790A4E80050D1C7;
			remoteInfo = MrRoomService;
		};
		D08EBAE32790A4E90050D1C7 /* PBXContainerItemProxy */ = {
			isa = PBXContainerItemProxy;
			containerPortal = D08EBAC02790A4E80050D1C7 /* Project object */;
			proxyType = 1;
			remoteGlobalIDString = D08EBAC72790A4E80050D1C7;
			remoteInfo = MrRoomService;
		};
/* End PBXContainerItemProxy section */

/* Begin PBXFileReference section */
		D0686DE9279473B8000082FB /* Info.plist */ = {isa = PBXFileReference; lastKnownFileType = text.plist; path = Info.plist; sourceTree = "<group>"; };
		D0686DEA279479E7000082FB /* DancingScript-VariableFont_wght.ttf */ = {isa = PBXFileReference; lastKnownFileType = file; path = "DancingScript-VariableFont_wght.ttf"; sourceTree = "<group>"; };
		D0686DED2794B438000082FB /* LoginPageForApp.png */ = {isa = PBXFileReference; lastKnownFileType = image.png; path = LoginPageForApp.png; sourceTree = "<group>"; };
		D07ABB4527933156000564E2 /* HotelCardCell.swift */ = {isa = PBXFileReference; lastKnownFileType = sourcecode.swift; path = HotelCardCell.swift; sourceTree = "<group>"; };
		D07ABB48279373DF000564E2 /* HotelCardCellDataModel.swift */ = {isa = PBXFileReference; lastKnownFileType = sourcecode.swift; path = HotelCardCellDataModel.swift; sourceTree = "<group>"; };
		D08EBAC82790A4E80050D1C7 /* MrRoomService.app */ = {isa = PBXFileReference; explicitFileType = wrapper.application; includeInIndex = 0; path = MrRoomService.app; sourceTree = BUILT_PRODUCTS_DIR; };
		D08EBACB2790A4E80050D1C7 /* MrRoomServiceApp.swift */ = {isa = PBXFileReference; lastKnownFileType = sourcecode.swift; path = MrRoomServiceApp.swift; sourceTree = "<group>"; };
		D08EBACF2790A4E90050D1C7 /* Assets.xcassets */ = {isa = PBXFileReference; lastKnownFileType = folder.assetcatalog; path = Assets.xcassets; sourceTree = "<group>"; };
		D08EBAD22790A4E90050D1C7 /* Preview Assets.xcassets */ = {isa = PBXFileReference; lastKnownFileType = folder.assetcatalog; path = "Preview Assets.xcassets"; sourceTree = "<group>"; };
		D08EBAD82790A4E90050D1C7 /* MrRoomServiceTests.xctest */ = {isa = PBXFileReference; explicitFileType = wrapper.cfbundle; includeInIndex = 0; path = MrRoomServiceTests.xctest; sourceTree = BUILT_PRODUCTS_DIR; };
		D08EBADC2790A4E90050D1C7 /* MrRoomServiceTests.swift */ = {isa = PBXFileReference; lastKnownFileType = sourcecode.swift; path = MrRoomServiceTests.swift; sourceTree = "<group>"; };
		D08EBAE22790A4E90050D1C7 /* MrRoomServiceUITests.xctest */ = {isa = PBXFileReference; explicitFileType = wrapper.cfbundle; includeInIndex = 0; path = MrRoomServiceUITests.xctest; sourceTree = BUILT_PRODUCTS_DIR; };
		D08EBAE62790A4E90050D1C7 /* MrRoomServiceUITests.swift */ = {isa = PBXFileReference; lastKnownFileType = sourcecode.swift; path = MrRoomServiceUITests.swift; sourceTree = "<group>"; };
		D08EBAE82790A4E90050D1C7 /* MrRoomServiceUITestsLaunchTests.swift */ = {isa = PBXFileReference; lastKnownFileType = sourcecode.swift; path = MrRoomServiceUITestsLaunchTests.swift; sourceTree = "<group>"; };
		D08EBAF52790C3120050D1C7 /* WelcomeView.swift */ = {isa = PBXFileReference; fileEncoding = 4; lastKnownFileType = sourcecode.swift; path = WelcomeView.swift; sourceTree = "<group>"; };
/* End PBXFileReference section */

/* Begin PBXFrameworksBuildPhase section */
		D08EBAC52790A4E80050D1C7 /* Frameworks */ = {
			isa = PBXFrameworksBuildPhase;
			buildActionMask = 2147483647;
			files = (
			);
			runOnlyForDeploymentPostprocessing = 0;
		};
		D08EBAD52790A4E90050D1C7 /* Frameworks */ = {
			isa = PBXFrameworksBuildPhase;
			buildActionMask = 2147483647;
			files = (
			);
			runOnlyForDeploymentPostprocessing = 0;
		};
		D08EBADF2790A4E90050D1C7 /* Frameworks */ = {
			isa = PBXFrameworksBuildPhase;
			buildActionMask = 2147483647;
			files = (
			);
			runOnlyForDeploymentPostprocessing = 0;
		};
/* End PBXFrameworksBuildPhase section */

/* Begin PBXGroup section */
		D0686DE82794724D000082FB /* Fonts */ = {
			isa = PBXGroup;
			children = (
				D0686DEA279479E7000082FB /* DancingScript-VariableFont_wght.ttf */,
			);
			path = Fonts;
			sourceTree = "<group>";
		};
		D0686DEC2794B3E0000082FB /* App Screenshots */ = {
			isa = PBXGroup;
			children = (
				D0686DED2794B438000082FB /* LoginPageForApp.png */,
			);
			path = "App Screenshots";
			sourceTree = "<group>";
		};
		D07ABB442793311A000564E2 /* WelcomeView */ = {
			isa = PBXGroup;
			children = (
				D08EBAF52790C3120050D1C7 /* WelcomeView.swift */,
			);
			path = WelcomeView;
			sourceTree = "<group>";
		};
		D07ABB472793317A000564E2 /* Hotel Card */ = {
			isa = PBXGroup;
			children = (
				D07ABB4527933156000564E2 /* HotelCardCell.swift */,
				D07ABB48279373DF000564E2 /* HotelCardCellDataModel.swift */,
			);
			path = "Hotel Card";
			sourceTree = "<group>";
		};
		D08EBABF2790A4E80050D1C7 = {
			isa = PBXGroup;
			children = (
				D08EBACA2790A4E80050D1C7 /* MrRoomService */,
				D08EBADB2790A4E90050D1C7 /* MrRoomServiceTests */,
				D08EBAE52790A4E90050D1C7 /* MrRoomServiceUITests */,
				D08EBAC92790A4E80050D1C7 /* Products */,
			);
			sourceTree = "<group>";
		};
		D08EBAC92790A4E80050D1C7 /* Products */ = {
			isa = PBXGroup;
			children = (
				D08EBAC82790A4E80050D1C7 /* MrRoomService.app */,
				D08EBAD82790A4E90050D1C7 /* MrRoomServiceTests.xctest */,
				D08EBAE22790A4E90050D1C7 /* MrRoomServiceUITests.xctest */,
			);
			name = Products;
			sourceTree = "<group>";
		};
		D08EBACA2790A4E80050D1C7 /* MrRoomService */ = {
			isa = PBXGroup;
			children = (
				D0686DEC2794B3E0000082FB /* App Screenshots */,
				D0686DE9279473B8000082FB /* Info.plist */,
				D0686DE82794724D000082FB /* Fonts */,
				D07ABB472793317A000564E2 /* Hotel Card */,
				D07ABB442793311A000564E2 /* WelcomeView */,
				D08EBACB2790A4E80050D1C7 /* MrRoomServiceApp.swift */,
				D08EBACF2790A4E90050D1C7 /* Assets.xcassets */,
				D08EBAD12790A4E90050D1C7 /* Preview Content */,
			);
			path = MrRoomService;
			sourceTree = "<group>";
		};
		D08EBAD12790A4E90050D1C7 /* Preview Content */ = {
			isa = PBXGroup;
			children = (
				D08EBAD22790A4E90050D1C7 /* Preview Assets.xcassets */,
			);
			path = "Preview Content";
			sourceTree = "<group>";
		};
		D08EBADB2790A4E90050D1C7 /* MrRoomServiceTests */ = {
			isa = PBXGroup;
			children = (
				D08EBADC2790A4E90050D1C7 /* MrRoomServiceTests.swift */,
			);
			path = MrRoomServiceTests;
			sourceTree = "<group>";
		};
		D08EBAE52790A4E90050D1C7 /* MrRoomServiceUITests */ = {
			isa = PBXGroup;
			children = (
				D08EBAE62790A4E90050D1C7 /* MrRoomServiceUITests.swift */,
				D08EBAE82790A4E90050D1C7 /* MrRoomServiceUITestsLaunchTests.swift */,
			);
			path = MrRoomServiceUITests;
			sourceTree = "<group>";
		};
/* End PBXGroup section */

/* Begin PBXNativeTarget section */
		D08EBAC72790A4E80050D1C7 /* MrRoomService */ = {
			isa = PBXNativeTarget;
			buildConfigurationList = D08EBAEC2790A4E90050D1C7 /* Build configuration list for PBXNativeTarget "MrRoomService" */;
			buildPhases = (
				D08EBAC42790A4E80050D1C7 /* Sources */,
				D08EBAC52790A4E80050D1C7 /* Frameworks */,
				D08EBAC62790A4E80050D1C7 /* Resources */,
			);
			buildRules = (
			);
			dependencies = (
			);
			name = MrRoomService;
			productName = MrRoomService;
			productReference = D08EBAC82790A4E80050D1C7 /* MrRoomService.app */;
			productType = "com.apple.product-type.application";
		};
		D08EBAD72790A4E90050D1C7 /* MrRoomServiceTests */ = {
			isa = PBXNativeTarget;
			buildConfigurationList = D08EBAEF2790A4E90050D1C7 /* Build configuration list for PBXNativeTarget "MrRoomServiceTests" */;
			buildPhases = (
				D08EBAD42790A4E90050D1C7 /* Sources */,
				D08EBAD52790A4E90050D1C7 /* Frameworks */,
				D08EBAD62790A4E90050D1C7 /* Resources */,
			);
			buildRules = (
			);
			dependencies = (
				D08EBADA2790A4E90050D1C7 /* PBXTargetDependency */,
			);
			name = MrRoomServiceTests;
			productName = MrRoomServiceTests;
			productReference = D08EBAD82790A4E90050D1C7 /* MrRoomServiceTests.xctest */;
			productType = "com.apple.product-type.bundle.unit-test";
		};
		D08EBAE12790A4E90050D1C7 /* MrRoomServiceUITests */ = {
			isa = PBXNativeTarget;
			buildConfigurationList = D08EBAF22790A4E90050D1C7 /* Build configuration list for PBXNativeTarget "MrRoomServiceUITests" */;
			buildPhases = (
				D08EBADE2790A4E90050D1C7 /* Sources */,
				D08EBADF2790A4E90050D1C7 /* Frameworks */,
				D08EBAE02790A4E90050D1C7 /* Resources */,
			);
			buildRules = (
			);
			dependencies = (
				D08EBAE42790A4E90050D1C7 /* PBXTargetDependency */,
			);
			name = MrRoomServiceUITests;
			productName = MrRoomServiceUITests;
			productReference = D08EBAE22790A4E90050D1C7 /* MrRoomServiceUITests.xctest */;
			productType = "com.apple.product-type.bundle.ui-testing";
		};
/* End PBXNativeTarget section */

/* Begin PBXProject section */
		D08EBAC02790A4E80050D1C7 /* Project object */ = {
			isa = PBXProject;
			attributes = {
				BuildIndependentTargetsInParallel = 1;
				LastSwiftUpdateCheck = 1320;
				LastUpgradeCheck = 1320;
				TargetAttributes = {
					D08EBAC72790A4E80050D1C7 = {
						CreatedOnToolsVersion = 13.2;
					};
					D08EBAD72790A4E90050D1C7 = {
						CreatedOnToolsVersion = 13.2;
						TestTargetID = D08EBAC72790A4E80050D1C7;
					};
					D08EBAE12790A4E90050D1C7 = {
						CreatedOnToolsVersion = 13.2;
						TestTargetID = D08EBAC72790A4E80050D1C7;
					};
				};
			};
			buildConfigurationList = D08EBAC32790A4E80050D1C7 /* Build configuration list for PBXProject "MrRoomService" */;
			compatibilityVersion = "Xcode 13.0";
			developmentRegion = en;
			hasScannedForEncodings = 0;
			knownRegions = (
				en,
				Base,
			);
			mainGroup = D08EBABF2790A4E80050D1C7;
			productRefGroup = D08EBAC92790A4E80050D1C7 /* Products */;
			projectDirPath = "";
			projectRoot = "";
			targets = (
				D08EBAC72790A4E80050D1C7 /* MrRoomService */,
				D08EBAD72790A4E90050D1C7 /* MrRoomServiceTests */,
				D08EBAE12790A4E90050D1C7 /* MrRoomServiceUITests */,
			);
		};
/* End PBXProject section */

/* Begin PBXResourcesBuildPhase section */
		D08EBAC62790A4E80050D1C7 /* Resources */ = {
			isa = PBXResourcesBuildPhase;
			buildActionMask = 2147483647;
			files = (
				D08EBAD32790A4E90050D1C7 /* Preview Assets.xcassets in Resources */,
				D08EBAD02790A4E90050D1C7 /* Assets.xcassets in Resources */,
				D0686DEB27947B25000082FB /* DancingScript-VariableFont_wght.ttf in Resources */,
			);
			runOnlyForDeploymentPostprocessing = 0;
		};
		D08EBAD62790A4E90050D1C7 /* Resources */ = {
			isa = PBXResourcesBuildPhase;
			buildActionMask = 2147483647;
			files = (
			);
			runOnlyForDeploymentPostprocessing = 0;
		};
		D08EBAE02790A4E90050D1C7 /* Resources */ = {
			isa = PBXResourcesBuildPhase;
			buildActionMask = 2147483647;
			files = (
			);
			runOnlyForDeploymentPostprocessing = 0;
		};
/* End PBXResourcesBuildPhase section */

/* Begin PBXSourcesBuildPhase section */
		D08EBAC42790A4E80050D1C7 /* Sources */ = {
			isa = PBXSourcesBuildPhase;
			buildActionMask = 2147483647;
			files = (
				D07ABB49279373DF000564E2 /* HotelCardCellDataModel.swift in Sources */,
				D08EBAF62790C3120050D1C7 /* WelcomeView.swift in Sources */,
				D07ABB4627933156000564E2 /* HotelCardCell.swift in Sources */,
				D08EBACC2790A4E80050D1C7 /* MrRoomServiceApp.swift in Sources */,
			);
			runOnlyForDeploymentPostprocessing = 0;
		};
		D08EBAD42790A4E90050D1C7 /* Sources */ = {
			isa = PBXSourcesBuildPhase;
			buildActionMask = 2147483647;
			files = (
				D08EBADD2790A4E90050D1C7 /* MrRoomServiceTests.swift in Sources */,
			);
			runOnlyForDeploymentPostprocessing = 0;
		};
		D08EBADE2790A4E90050D1C7 /* Sources */ = {
			isa = PBXSourcesBuildPhase;
			buildActionMask = 2147483647;
			files = (
				D08EBAE92790A4E90050D1C7 /* MrRoomServiceUITestsLaunchTests.swift in Sources */,
				D08EBAE72790A4E90050D1C7 /* MrRoomServiceUITests.swift in Sources */,
			);
			runOnlyForDeploymentPostprocessing = 0;
		};
/* End PBXSourcesBuildPhase section */

/* Begin PBXTargetDependency section */
		D08EBADA2790A4E90050D1C7 /* PBXTargetDependency */ = {
			isa = PBXTargetDependency;
			target = D08EBAC72790A4E80050D1C7 /* MrRoomService */;
			targetProxy = D08EBAD92790A4E90050D1C7 /* PBXContainerItemProxy */;
		};
		D08EBAE42790A4E90050D1C7 /* PBXTargetDependency */ = {
			isa = PBXTargetDependency;
			target = D08EBAC72790A4E80050D1C7 /* MrRoomService */;
			targetProxy = D08EBAE32790A4E90050D1C7 /* PBXContainerItemProxy */;
		};
/* End PBXTargetDependency section */

/* Begin XCBuildConfiguration section */
		D08EBAEA2790A4E90050D1C7 /* Debug */ = {
			isa = XCBuildConfiguration;
			buildSettings = {
				ALWAYS_SEARCH_USER_PATHS = NO;
				CLANG_ANALYZER_NONNULL = YES;
				CLANG_ANALYZER_NUMBER_OBJECT_CONVERSION = YES_AGGRESSIVE;
				CLANG_CXX_LANGUAGE_STANDARD = "gnu++17";
				CLANG_CXX_LIBRARY = "libc++";
				CLANG_ENABLE_MODULES = YES;
				CLANG_ENABLE_OBJC_ARC = YES;
				CLANG_ENABLE_OBJC_WEAK = YES;
				CLANG_WARN_BLOCK_CAPTURE_AUTORELEASING = YES;
				CLANG_WARN_BOOL_CONVERSION = YES;
				CLANG_WARN_COMMA = YES;
				CLANG_WARN_CONSTANT_CONVERSION = YES;
				CLANG_WARN_DEPRECATED_OBJC_IMPLEMENTATIONS = YES;
				CLANG_WARN_DIRECT_OBJC_ISA_USAGE = YES_ERROR;
				CLANG_WARN_DOCUMENTATION_COMMENTS = YES;
				CLANG_WARN_EMPTY_BODY = YES;
				CLANG_WARN_ENUM_CONVERSION = YES;
				CLANG_WARN_INFINITE_RECURSION = YES;
				CLANG_WARN_INT_CONVERSION = YES;
				CLANG_WARN_NON_LITERAL_NULL_CONVERSION = YES;
				CLANG_WARN_OBJC_IMPLICIT_RETAIN_SELF = YES;
				CLANG_WARN_OBJC_LITERAL_CONVERSION = YES;
				CLANG_WARN_OBJC_ROOT_CLASS = YES_ERROR;
				CLANG_WARN_QUOTED_INCLUDE_IN_FRAMEWORK_HEADER = YES;
				CLANG_WARN_RANGE_LOOP_ANALYSIS = YES;
				CLANG_WARN_STRICT_PROTOTYPES = YES;
				CLANG_WARN_SUSPICIOUS_MOVE = YES;
				CLANG_WARN_UNGUARDED_AVAILABILITY = YES_AGGRESSIVE;
				CLANG_WARN_UNREACHABLE_CODE = YES;
				CLANG_WARN__DUPLICATE_METHOD_MATCH = YES;
				COPY_PHASE_STRIP = NO;
				DEBUG_INFORMATION_FORMAT = dwarf;
				ENABLE_STRICT_OBJC_MSGSEND = YES;
				ENABLE_TESTABILITY = YES;
				GCC_C_LANGUAGE_STANDARD = gnu11;
				GCC_DYNAMIC_NO_PIC = NO;
				GCC_NO_COMMON_BLOCKS = YES;
				GCC_OPTIMIZATION_LEVEL = 0;
				GCC_PREPROCESSOR_DEFINITIONS = (
					"DEBUG=1",
					"$(inherited)",
				);
				GCC_WARN_64_TO_32_BIT_CONVERSION = YES;
				GCC_WARN_ABOUT_RETURN_TYPE = YES_ERROR;
				GCC_WARN_UNDECLARED_SELECTOR = YES;
				GCC_WARN_UNINITIALIZED_AUTOS = YES_AGGRESSIVE;
				GCC_WARN_UNUSED_FUNCTION = YES;
				GCC_WARN_UNUSED_VARIABLE = YES;
				IPHONEOS_DEPLOYMENT_TARGET = 15.2;
				MTL_ENABLE_DEBUG_INFO = INCLUDE_SOURCE;
				MTL_FAST_MATH = YES;
				ONLY_ACTIVE_ARCH = YES;
				SDKROOT = iphoneos;
				SWIFT_ACTIVE_COMPILATION_CONDITIONS = DEBUG;
				SWIFT_OPTIMIZATION_LEVEL = "-Onone";
			};
			name = Debug;
		};
		D08EBAEB2790A4E90050D1C7 /* Release */ = {
			isa = XCBuildConfiguration;
			buildSettings = {
				ALWAYS_SEARCH_USER_PATHS = NO;
				CLANG_ANALYZER_NONNULL = YES;
				CLANG_ANALYZER_NUMBER_OBJECT_CONVERSION = YES_AGGRESSIVE;
				CLANG_CXX_LANGUAGE_STANDARD = "gnu++17";
				CLANG_CXX_LIBRARY = "libc++";
				CLANG_ENABLE_MODULES = YES;
				CLANG_ENABLE_OBJC_ARC = YES;
				CLANG_ENABLE_OBJC_WEAK = YES;
				CLANG_WARN_BLOCK_CAPTURE_AUTORELEASING = YES;
				CLANG_WARN_BOOL_CONVERSION = YES;
				CLANG_WARN_COMMA = YES;
				CLANG_WARN_CONSTANT_CONVERSION = YES;
				CLANG_WARN_DEPRECATED_OBJC_IMPLEMENTATIONS = YES;
				CLANG_WARN_DIRECT_OBJC_ISA_USAGE = YES_ERROR;
				CLANG_WARN_DOCUMENTATION_COMMENTS = YES;
				CLANG_WARN_EMPTY_BODY = YES;
				CLANG_WARN_ENUM_CONVERSION = YES;
				CLANG_WARN_INFINITE_RECURSION = YES;
				CLANG_WARN_INT_CONVERSION = YES;
				CLANG_WARN_NON_LITERAL_NULL_CONVERSION = YES;
				CLANG_WARN_OBJC_IMPLICIT_RETAIN_SELF = YES;
				CLANG_WARN_OBJC_LITERAL_CONVERSION = YES;
				CLANG_WARN_OBJC_ROOT_CLASS = YES_ERROR;
				CLANG_WARN_QUOTED_INCLUDE_IN_FRAMEWORK_HEADER = YES;
				CLANG_WARN_RANGE_LOOP_ANALYSIS = YES;
				CLANG_WARN_STRICT_PROTOTYPES = YES;
				CLANG_WARN_SUSPICIOUS_MOVE = YES;
				CLANG_WARN_UNGUARDED_AVAILABILITY = YES_AGGRESSIVE;
				CLANG_WARN_UNREACHABLE_CODE = YES;
				CLANG_WARN__DUPLICATE_METHOD_MATCH = YES;
				COPY_PHASE_STRIP = NO;
				DEBUG_INFORMATION_FORMAT = "dwarf-with-dsym";
				ENABLE_NS_ASSERTIONS = NO;
				ENABLE_STRICT_OBJC_MSGSEND = YES;
				GCC_C_LANGUAGE_STANDARD = gnu11;
				GCC_NO_COMMON_BLOCKS = YES;
				GCC_WARN_64_TO_32_BIT_CONVERSION = YES;
				GCC_WARN_ABOUT_RETURN_TYPE = YES_ERROR;
				GCC_WARN_UNDECLARED_SELECTOR = YES;
				GCC_WARN_UNINITIALIZED_AUTOS = YES_AGGRESSIVE;
				GCC_WARN_UNUSED_FUNCTION = YES;
				GCC_WARN_UNUSED_VARIABLE = YES;
				IPHONEOS_DEPLOYMENT_TARGET = 15.2;
				MTL_ENABLE_DEBUG_INFO = NO;
				MTL_FAST_MATH = YES;
				SDKROOT = iphoneos;
				SWIFT_COMPILATION_MODE = wholemodule;
				SWIFT_OPTIMIZATION_LEVEL = "-O";
				VALIDATE_PRODUCT = YES;
			};
			name = Release;
		};
		D08EBAED2790A4E90050D1C7 /* Debug */ = {
			isa = XCBuildConfiguration;
			buildSettings = {
				ASSETCATALOG_COMPILER_APPICON_NAME = AppIcon;
				ASSETCATALOG_COMPILER_GLOBAL_ACCENT_COLOR_NAME = AccentColor;
				CODE_SIGN_STYLE = Automatic;
				CURRENT_PROJECT_VERSION = 1;
				DEVELOPMENT_ASSET_PATHS = "\"MrRoomService/Preview Content\"";
				ENABLE_PREVIEWS = YES;
				GENERATE_INFOPLIST_FILE = YES;
				INFOPLIST_FILE = MrRoomService/Info.plist;
				INFOPLIST_KEY_UIApplicationSceneManifest_Generation = YES;
				INFOPLIST_KEY_UIApplicationSupportsIndirectInputEvents = YES;
				INFOPLIST_KEY_UILaunchScreen_Generation = YES;
				INFOPLIST_KEY_UISupportedInterfaceOrientations_iPad = "UIInterfaceOrientationPortrait UIInterfaceOrientationPortraitUpsideDown UIInterfaceOrientationLandscapeLeft UIInterfaceOrientationLandscapeRight";
				INFOPLIST_KEY_UISupportedInterfaceOrientations_iPhone = "UIInterfaceOrientationPortrait UIInterfaceOrientationLandscapeLeft UIInterfaceOrientationLandscapeRight";
				LD_RUNPATH_SEARCH_PATHS = (
					"$(inherited)",
					"@executable_path/Frameworks",
				);
				MARKETING_VERSION = 1.0;
				PRODUCT_BUNDLE_IDENTIFIER = vishalBhogal.MrRoomService;
				PRODUCT_NAME = "$(TARGET_NAME)";
				SWIFT_EMIT_LOC_STRINGS = YES;
				SWIFT_VERSION = 5.0;
				TARGETED_DEVICE_FAMILY = "1,2";
			};
			name = Debug;
		};
		D08EBAEE2790A4E90050D1C7 /* Release */ = {
			isa = XCBuildConfiguration;
			buildSettings = {
				ASSETCATALOG_COMPILER_APPICON_NAME = AppIcon;
				ASSETCATALOG_COMPILER_GLOBAL_ACCENT_COLOR_NAME = AccentColor;
				CODE_SIGN_STYLE = Automatic;
				CURRENT_PROJECT_VERSION = 1;
				DEVELOPMENT_ASSET_PATHS = "\"MrRoomService/Preview Content\"";
				ENABLE_PREVIEWS = YES;
				GENERATE_INFOPLIST_FILE = YES;
				INFOPLIST_FILE = MrRoomService/Info.plist;
				INFOPLIST_KEY_UIApplicationSceneManifest_Generation = YES;
				INFOPLIST_KEY_UIApplicationSupportsIndirectInputEvents = YES;
				INFOPLIST_KEY_UILaunchScreen_Generation = YES;
				INFOPLIST_KEY_UISupportedInterfaceOrientations_iPad = "UIInterfaceOrientationPortrait UIInterfaceOrientationPortraitUpsideDown UIInterfaceOrientationLandscapeLeft UIInterfaceOrientationLandscapeRight";
				INFOPLIST_KEY_UISupportedInterfaceOrientations_iPhone = "UIInterfaceOrientationPortrait UIInterfaceOrientationLandscapeLeft UIInterfaceOrientationLandscapeRight";
				LD_RUNPATH_SEARCH_PATHS = (
					"$(inherited)",
					"@executable_path/Frameworks",
				);
				MARKETING_VERSION = 1.0;
				PRODUCT_BUNDLE_IDENTIFIER = vishalBhogal.MrRoomService;
				PRODUCT_NAME = "$(TARGET_NAME)";
				SWIFT_EMIT_LOC_STRINGS = YES;
				SWIFT_VERSION = 5.0;
				TARGETED_DEVICE_FAMILY = "1,2";
			};
			name = Release;
		};
		D08EBAF02790A4E90050D1C7 /* Debug */ = {
			isa = XCBuildConfiguration;
			buildSettings = {
				ALWAYS_EMBED_SWIFT_STANDARD_LIBRARIES = YES;
				BUNDLE_LOADER = "$(TEST_HOST)";
				CODE_SIGN_STYLE = Automatic;
				CURRENT_PROJECT_VERSION = 1;
				GENERATE_INFOPLIST_FILE = YES;
				IPHONEOS_DEPLOYMENT_TARGET = 15.2;
				MARKETING_VERSION = 1.0;
				PRODUCT_BUNDLE_IDENTIFIER = vishalBhogal.MrRoomServiceTests;
				PRODUCT_NAME = "$(TARGET_NAME)";
				SWIFT_EMIT_LOC_STRINGS = NO;
				SWIFT_VERSION = 5.0;
				TARGETED_DEVICE_FAMILY = "1,2";
				TEST_HOST = "$(BUILT_PRODUCTS_DIR)/MrRoomService.app/MrRoomService";
			};
			name = Debug;
		};
		D08EBAF12790A4E90050D1C7 /* Release */ = {
			isa = XCBuildConfiguration;
			buildSettings = {
				ALWAYS_EMBED_SWIFT_STANDARD_LIBRARIES = YES;
				BUNDLE_LOADER = "$(TEST_HOST)";
				CODE_SIGN_STYLE = Automatic;
				CURRENT_PROJECT_VERSION = 1;
				GENERATE_INFOPLIST_FILE = YES;
				IPHONEOS_DEPLOYMENT_TARGET = 15.2;
				MARKETING_VERSION = 1.0;
				PRODUCT_BUNDLE_IDENTIFIER = vishalBhogal.MrRoomServiceTests;
				PRODUCT_NAME = "$(TARGET_NAME)";
				SWIFT_EMIT_LOC_STRINGS = NO;
				SWIFT_VERSION = 5.0;
				TARGETED_DEVICE_FAMILY = "1,2";
				TEST_HOST = "$(BUILT_PRODUCTS_DIR)/MrRoomService.app/MrRoomService";
			};
			name = Release;
		};
		D08EBAF32790A4E90050D1C7 /* Debug */ = {
			isa = XCBuildConfiguration;
			buildSettings = {
				ALWAYS_EMBED_SWIFT_STANDARD_LIBRARIES = YES;
				CODE_SIGN_STYLE = Automatic;
				CURRENT_PROJECT_VERSION = 1;
				GENERATE_INFOPLIST_FILE = YES;
				MARKETING_VERSION = 1.0;
				PRODUCT_BUNDLE_IDENTIFIER = vishalBhogal.MrRoomServiceUITests;
				PRODUCT_NAME = "$(TARGET_NAME)";
				SWIFT_EMIT_LOC_STRINGS = NO;
				SWIFT_VERSION = 5.0;
				TARGETED_DEVICE_FAMILY = "1,2";
				TEST_TARGET_NAME = MrRoomService;
			};
			name = Debug;
		};
		D08EBAF42790A4E90050D1C7 /* Release */ = {
			isa = XCBuildConfiguration;
			buildSettings = {
				ALWAYS_EMBED_SWIFT_STANDARD_LIBRARIES = YES;
				CODE_SIGN_STYLE = Automatic;
				CURRENT_PROJECT_VERSION = 1;
				GENERATE_INFOPLIST_FILE = YES;
				MARKETING_VERSION = 1.0;
				PRODUCT_BUNDLE_IDENTIFIER = vishalBhogal.MrRoomServiceUITests;
				PRODUCT_NAME = "$(TARGET_NAME)";
				SWIFT_EMIT_LOC_STRINGS = NO;
				SWIFT_VERSION = 5.0;
				TARGETED_DEVICE_FAMILY = "1,2";
				TEST_TARGET_NAME = MrRoomService;
			};
			name = Release;
		};
/* End XCBuildConfiguration section */

/* Begin XCConfigurationList section */
		D08EBAC32790A4E80050D1C7 /* Build configuration list for PBXProject "MrRoomService" */ = {
			isa = XCConfigurationList;
			buildConfigurations = (
				D08EBAEA2790A4E90050D1C7 /* Debug */,
				D08EBAEB2790A4E90050D1C7 /* Release */,
			);
			defaultConfigurationIsVisible = 0;
			defaultConfigurationName = Release;
		};
		D08EBAEC2790A4E90050D1C7 /* Build configuration list for PBXNativeTarget "MrRoomService" */ = {
			isa = XCConfigurationList;
			buildConfigurations = (
				D08EBAED2790A4E90050D1C7 /* Debug */,
				D08EBAEE2790A4E90050D1C7 /* Release */,
			);
			defaultConfigurationIsVisible = 0;
			defaultConfigurationName = Release;
		};
		D08EBAEF2790A4E90050D1C7 /* Build configuration list for PBXNativeTarget "MrRoomServiceTests" */ = {
			isa = XCConfigurationList;
			buildConfigurations = (
				D08EBAF02790A4E90050D1C7 /* Debug */,
				D08EBAF12790A4E90050D1C7 /* Release */,
			);
			defaultConfigurationIsVisible = 0;
			defaultConfigurationName = Release;
		};
		D08EBAF22790A4E90050D1C7 /* Build configuration list for PBXNativeTarget "MrRoomServiceUITests" */ = {
			isa = XCConfigurationList;
			buildConfigurations = (
				D08EBAF32790A4E90050D1C7 /* Debug */,
				D08EBAF42790A4E90050D1C7 /* Release */,
			);
			defaultConfigurationIsVisible = 0;
			defaultConfigurationName = Release;
		};
/* End XCConfigurationList section */
	};
	rootObject = D08EBAC02790A4E80050D1C7 /* Project object */;
}
